
Microsoft Visual Studio Solution File, Format Version 12.00
# Visual Studio Version 16
VisualStudioVersion = 16.0.29009.5
MinimumVisualStudioVersion = 10.0.40219.1
Project("{9A19103F-16F7-4668-BE54-9A1E7A4F7556}") = "Send", "Send\Send.csproj", "{F5F0AA9B-E618-406D-B993-B075922270FE}"
EndProject
Project("{9A19103F-16F7-4668-BE54-9A1E7A4F7556}") = "Receive", "Receive\Receive.csproj", "{6250BFBA-1337-4E3E-89E1-C0E20409AE12}"
EndProject
Global
	GlobalSection(SolutionConfigurationPlatforms) = preSolution
		Debug|Any CPU = Debug|Any CPU
		Release|Any CPU = Release|Any CPU
	EndGlobalSection
	GlobalSection(ProjectConfigurationPlatforms) = postSolution
		{F5F0AA9B-E618-406D-B993-B075922270FE}.Debug|Any CPU.ActiveCfg = Debug|Any CPU
		{F5F0AA9B-E618-406D-B993-B075922270FE}.Debug|Any CPU.Build.0 = Debug|Any CPU
		{F5F0AA9B-E618-406D-B993-B075922270FE}.Release|Any CPU.ActiveCfg = Release|Any CPU
		{F5F0AA9B-E618-406D-B993-B075922270FE}.Release|Any CPU.Build.0 = Release|Any CPU
		{6250BFBA-1337-4E3E-89E1-C0E20409AE12}.Debug|Any CPU.ActiveCfg = Debug|Any CPU
		{6250BFBA-1337-4E3E-89E1-C0E20409AE12}.Debug|Any CPU.Build.0 = Debug|Any CPU
		{6250BFBA-1337-4E3E-89E1-C0E20409AE12}.Release|Any CPU.ActiveCfg = Release|Any CPU
		{6250BFBA-1337-4E3E-89E1-C0E20409AE12}.Release|Any CPU.Build.0 = Release|Any CPU
	EndGlobalSection
	GlobalSection(SolutionProperties) = preSolution
		HideSolutionNode = FALSE
	EndGlobalSection
	GlobalSection(ExtensibilityGlobals) = postSolution
		SolutionGuid = {A764B7FF-E2FB-45BB-900A-7235DCEF8B89}
	EndGlobalSection
EndGlobal
